
Microsoft Visual Studio Solution File, Format Version 12.00
# Visual Studio Version 16
VisualStudioVersion = 16.0.28803.452
MinimumVisualStudioVersion = 10.0.40219.1
Project("{FAE04EC0-301F-11D3-BF4B-00C04F79EFBC}") = "Contactos", "Contactos\Contactos.csproj", "{018128F2-A23A-479E-9473-6FA9B38296BC}"
EndProject
Global
	GlobalSection(SolutionConfigurationPlatforms) = preSolution
		Debug|Any CPU = Debug|Any CPU
		Release|Any CPU = Release|Any CPU
	EndGlobalSection
	GlobalSection(ProjectConfigurationPlatforms) = postSolution
		{018128F2-A23A-479E-9473-6FA9B38296BC}.Debug|Any CPU.ActiveCfg = Debug|Any CPU
		{018128F2-A23A-479E-9473-6FA9B38296BC}.Debug|Any CPU.Build.0 = Debug|Any CPU
		{018128F2-A23A-479E-9473-6FA9B38296BC}.Release|Any CPU.ActiveCfg = Release|Any CPU
		{018128F2-A23A-479E-9473-6FA9B38296BC}.Release|Any CPU.Build.0 = Release|Any CPU
	EndGlobalSection
	GlobalSection(SolutionProperties) = preSolution
		HideSolutionNode = FALSE
	EndGlobalSection
	GlobalSection(ExtensibilityGlobals) = postSolution
		SolutionGuid = {9A854580-7AEB-4290-881F-76FF5CD596EC}
	EndGlobalSection
EndGlobal
